
Microsoft Visual Studio Solution File, Format Version 12.00
# Visual Studio 15
VisualStudioVersion = 15.0.27004.2005
MinimumVisualStudioVersion = 10.0.40219.1
Project("{FAE04EC0-301F-11D3-BF4B-00C04F79EFBC}") = "ParameterizedThreadStart", "ParameterizedThreadStart\ParameterizedThreadStart.csproj", "{999AFC81-A256-47E9-B958-DFD134B8B4A0}"
EndProject
Project("{FAE04EC0-301F-11D3-BF4B-00C04F79EFBC}") = "ThreadLocal", "ThreadLocal\ThreadLocal.csproj", "{14933040-D4C8-486E-8973-E2E539C044F1}"
EndProject
Project("{FAE04EC0-301F-11D3-BF4B-00C04F79EFBC}") = "ThreadPools", "ThreadPools\ThreadPools.csproj", "{B7EF3962-6554-40C8-8BB9-EC8E1982A452}"
EndProject
Project("{FAE04EC0-301F-11D3-BF4B-00C04F79EFBC}") = "TaskContinuation", "TaskContinuation\TaskContinuation.csproj", "{ABE8BBC3-207A-4FE2-A2FB-CD94E32F1E44}"
EndProject
Project("{FAE04EC0-301F-11D3-BF4B-00C04F79EFBC}") = "ChildTasks", "ChildTasks\ChildTasks.csproj", "{17B5F4CC-DDDF-4675-88CB-7CEFD73A6838}"
EndProject
Project("{2150E333-8FDC-42A3-9474-1A3956D46DE8}") = "Tasks", "Tasks", "{7F296A4E-7FA8-487E-983A-DF0F415938F9}"
EndProject
Project("{2150E333-8FDC-42A3-9474-1A3956D46DE8}") = "Threads", "Threads", "{09526D53-DB44-48DD-842B-FAB953D6EEAF}"
EndProject
Project("{FAE04EC0-301F-11D3-BF4B-00C04F79EFBC}") = "TaskFactoryExample", "TaskFactory\TaskFactoryExample.csproj", "{88235968-E225-4255-B168-E6A6B1EF60FE}"
EndProject
Project("{FAE04EC0-301F-11D3-BF4B-00C04F79EFBC}") = "TaskWaitAll", "TaskWaitAll\TaskWaitAll.csproj", "{A6CFDCFA-36D5-49FB-929C-E2588A4FFBA6}"
EndProject
Project("{FAE04EC0-301F-11D3-BF4B-00C04F79EFBC}") = "TaskWaitAny", "TaskWaitAny\TaskWaitAny.csproj", "{64C56529-8EBA-4EBC-910B-606414052FCF}"
EndProject
Project("{2150E333-8FDC-42A3-9474-1A3956D46DE8}") = "Async", "Async", "{0F804F26-ED36-40B5-BBB2-932CD7DBCAA5}"
EndProject
Project("{FAE04EC0-301F-11D3-BF4B-00C04F79EFBC}") = "AsyncDemo", "AsyncDemo\AsyncDemo.csproj", "{B6B0C296-06DD-4B86-878C-A06D0B4F354C}"
EndProject
Project("{2150E333-8FDC-42A3-9474-1A3956D46DE8}") = "PLINQ", "PLINQ", "{C05EADCD-F779-482D-9BA9-739C7E0EF06B}"
EndProject
Project("{FAE04EC0-301F-11D3-BF4B-00C04F79EFBC}") = "AsParallelExample", "AsParallelExample\AsParallelExample.csproj", "{C86CE74E-C093-4B55-895C-D5710429F0A3}"
EndProject
Project("{FAE04EC0-301F-11D3-BF4B-00C04F79EFBC}") = "AggregateExceptionExample", "AggregateException\AggregateExceptionExample.csproj", "{5FD93637-886C-4577-AB77-BE222AFD4B39}"
EndProject
Project("{FAE04EC0-301F-11D3-BF4B-00C04F79EFBC}") = "ThreadStaticExample", "ThreadStaticExample\ThreadStaticExample.csproj", "{6A2111CD-ED56-4594-93D9-524D1243EAAD}"
EndProject
Project("{2150E333-8FDC-42A3-9474-1A3956D46DE8}") = "ConcurrentCollections", "ConcurrentCollections", "{1620C22D-0752-4C62-901A-39742A9C90C4}"
EndProject
Project("{FAE04EC0-301F-11D3-BF4B-00C04F79EFBC}") = "BlockingCollectionExample", "BlockingCollectionExample\BlockingCollectionExample.csproj", "{4BDA7FEC-F03E-4E03-B824-277C18CB7C5F}"
EndProject
Project("{FAE04EC0-301F-11D3-BF4B-00C04F79EFBC}") = "EnumeratingConcurrentBag", "EnumeratingConcurrentBag\EnumeratingConcurrentBag.csproj", "{DCE4C4C4-52AB-4C04-9238-FDEF79EA7B4F}"
EndProject
Project("{FAE04EC0-301F-11D3-BF4B-00C04F79EFBC}") = "CancellationTokenExample", "CancellationTokenExample\CancellationTokenExample.csproj", "{94FC9F49-EA31-4B56-987D-30535A1564CC}"
EndProject
Project("{FAE04EC0-301F-11D3-BF4B-00C04F79EFBC}") = "OperationCancelledException", "OperationCancelledException\OperationCancelledException.csproj", "{CE7EFF38-2EF8-4B2F-9CB4-EF5DE5445BE8}"
EndProject
Project("{FAE04EC0-301F-11D3-BF4B-00C04F79EFBC}") = "TaskTimeout", "TaskTimeout\TaskTimeout.csproj", "{6CD099E2-376E-4779-91F4-F78517EB002A}"
EndProject
Project("{2150E333-8FDC-42A3-9474-1A3956D46DE8}") = "Delegate", "Delegate", "{801DF6C0-C360-416B-953A-76CC986281D9}"
EndProject
Project("{FAE04EC0-301F-11D3-BF4B-00C04F79EFBC}") = "UisngDelegate", "UisngDelegate\UisngDelegate.csproj", "{5E5CC2A4-E120-4EDC-95AF-6514D6DB733E}"
EndProject
Project("{FAE04EC0-301F-11D3-BF4B-00C04F79EFBC}") = "MulticastDelegateExample", "MulticastDelegate\MulticastDelegateExample.csproj", "{FCD87795-FC25-4D6E-8BC0-5EDFD7D46C32}"
EndProject
Project("{FAE04EC0-301F-11D3-BF4B-00C04F79EFBC}") = "DelegateDynamicInvokation", "DelegateDynamicInvokation\DelegateDynamicInvokation.csproj", "{1CD206AD-55B8-4991-AA5E-4693E2B18A0F}"
EndProject
Project("{2150E333-8FDC-42A3-9474-1A3956D46DE8}") = "Types", "Types", "{9D835C95-44B8-4721-B3BF-EA4E64A8EEDB}"
EndProject
Project("{FAE04EC0-301F-11D3-BF4B-00C04F79EFBC}") = "ImplicitExplicitConversion", "ImplicitExplicitConversion\ImplicitExplicitConversion.csproj", "{63EB26A0-6ED7-492A-BA3A-862B50981BA3}"
EndProject
Project("{FAE04EC0-301F-11D3-BF4B-00C04F79EFBC}") = "FlagAttributeExample", "FlagAttributeExample\FlagAttributeExample.csproj", "{A8F34193-05CD-4D8A-8E47-594D1B0CCB3B}"
EndProject
Project("{2150E333-8FDC-42A3-9474-1A3956D46DE8}") = "Strings", "Strings", "{2943B2E7-1745-46B7-8FDD-6E176888C941}"
EndProject
Project("{FAE04EC0-301F-11D3-BF4B-00C04F79EFBC}") = "FormattableExample", "FormattableExample\FormattableExample.csproj", "{7778673E-730F-4ACB-80E0-871C9241881F}"
EndProject
Project("{FAE04EC0-301F-11D3-BF4B-00C04F79EFBC}") = "FormatProviderExample", "FormatProviderExample\FormatProviderExample.csproj", "{CCA25F8B-9102-4660-9BF0-B04A9F93242D}"
EndProject
Global
	GlobalSection(SolutionConfigurationPlatforms) = preSolution
		Debug|Any CPU = Debug|Any CPU
		Release|Any CPU = Release|Any CPU
	EndGlobalSection
	GlobalSection(ProjectConfigurationPlatforms) = postSolution
		{999AFC81-A256-47E9-B958-DFD134B8B4A0}.Debug|Any CPU.ActiveCfg = Debug|Any CPU
		{999AFC81-A256-47E9-B958-DFD134B8B4A0}.Debug|Any CPU.Build.0 = Debug|Any CPU
		{999AFC81-A256-47E9-B958-DFD134B8B4A0}.Release|Any CPU.ActiveCfg = Release|Any CPU
		{999AFC81-A256-47E9-B958-DFD134B8B4A0}.Release|Any CPU.Build.0 = Release|Any CPU
		{14933040-D4C8-486E-8973-E2E539C044F1}.Debug|Any CPU.ActiveCfg = Debug|Any CPU
		{14933040-D4C8-486E-8973-E2E539C044F1}.Debug|Any CPU.Build.0 = Debug|Any CPU
		{14933040-D4C8-486E-8973-E2E539C044F1}.Release|Any CPU.ActiveCfg = Release|Any CPU
		{14933040-D4C8-486E-8973-E2E539C044F1}.Release|Any CPU.Build.0 = Release|Any CPU
		{B7EF3962-6554-40C8-8BB9-EC8E1982A452}.Debug|Any CPU.ActiveCfg = Debug|Any CPU
		{B7EF3962-6554-40C8-8BB9-EC8E1982A452}.Debug|Any CPU.Build.0 = Debug|Any CPU
		{B7EF3962-6554-40C8-8BB9-EC8E1982A452}.Release|Any CPU.ActiveCfg = Release|Any CPU
		{B7EF3962-6554-40C8-8BB9-EC8E1982A452}.Release|Any CPU.Build.0 = Release|Any CPU
		{ABE8BBC3-207A-4FE2-A2FB-CD94E32F1E44}.Debug|Any CPU.ActiveCfg = Debug|Any CPU
		{ABE8BBC3-207A-4FE2-A2FB-CD94E32F1E44}.Debug|Any CPU.Build.0 = Debug|Any CPU
		{ABE8BBC3-207A-4FE2-A2FB-CD94E32F1E44}.Release|Any CPU.ActiveCfg = Release|Any CPU
		{ABE8BBC3-207A-4FE2-A2FB-CD94E32F1E44}.Release|Any CPU.Build.0 = Release|Any CPU
		{17B5F4CC-DDDF-4675-88CB-7CEFD73A6838}.Debug|Any CPU.ActiveCfg = Debug|Any CPU
		{17B5F4CC-DDDF-4675-88CB-7CEFD73A6838}.Debug|Any CPU.Build.0 = Debug|Any CPU
		{17B5F4CC-DDDF-4675-88CB-7CEFD73A6838}.Release|Any CPU.ActiveCfg = Release|Any CPU
		{17B5F4CC-DDDF-4675-88CB-7CEFD73A6838}.Release|Any CPU.Build.0 = Release|Any CPU
		{88235968-E225-4255-B168-E6A6B1EF60FE}.Debug|Any CPU.ActiveCfg = Debug|Any CPU
		{88235968-E225-4255-B168-E6A6B1EF60FE}.Debug|Any CPU.Build.0 = Debug|Any CPU
		{88235968-E225-4255-B168-E6A6B1EF60FE}.Release|Any CPU.ActiveCfg = Release|Any CPU
		{88235968-E225-4255-B168-E6A6B1EF60FE}.Release|Any CPU.Build.0 = Release|Any CPU
		{A6CFDCFA-36D5-49FB-929C-E2588A4FFBA6}.Debug|Any CPU.ActiveCfg = Debug|Any CPU
		{A6CFDCFA-36D5-49FB-929C-E2588A4FFBA6}.Debug|Any CPU.Build.0 = Debug|Any CPU
		{A6CFDCFA-36D5-49FB-929C-E2588A4FFBA6}.Release|Any CPU.ActiveCfg = Release|Any CPU
		{A6CFDCFA-36D5-49FB-929C-E2588A4FFBA6}.Release|Any CPU.Build.0 = Release|Any CPU
		{64C56529-8EBA-4EBC-910B-606414052FCF}.Debug|Any CPU.ActiveCfg = Debug|Any CPU
		{64C56529-8EBA-4EBC-910B-606414052FCF}.Debug|Any CPU.Build.0 = Debug|Any CPU
		{64C56529-8EBA-4EBC-910B-606414052FCF}.Release|Any CPU.ActiveCfg = Release|Any CPU
		{64C56529-8EBA-4EBC-910B-606414052FCF}.Release|Any CPU.Build.0 = Release|Any CPU
		{B6B0C296-06DD-4B86-878C-A06D0B4F354C}.Debug|Any CPU.ActiveCfg = Debug|Any CPU
		{B6B0C296-06DD-4B86-878C-A06D0B4F354C}.Debug|Any CPU.Build.0 = Debug|Any CPU
		{B6B0C296-06DD-4B86-878C-A06D0B4F354C}.Release|Any CPU.ActiveCfg = Release|Any CPU
		{B6B0C296-06DD-4B86-878C-A06D0B4F354C}.Release|Any CPU.Build.0 = Release|Any CPU
		{C86CE74E-C093-4B55-895C-D5710429F0A3}.Debug|Any CPU.ActiveCfg = Debug|Any CPU
		{C86CE74E-C093-4B55-895C-D5710429F0A3}.Debug|Any CPU.Build.0 = Debug|Any CPU
		{C86CE74E-C093-4B55-895C-D5710429F0A3}.Release|Any CPU.ActiveCfg = Release|Any CPU
		{C86CE74E-C093-4B55-895C-D5710429F0A3}.Release|Any CPU.Build.0 = Release|Any CPU
		{5FD93637-886C-4577-AB77-BE222AFD4B39}.Debug|Any CPU.ActiveCfg = Debug|Any CPU
		{5FD93637-886C-4577-AB77-BE222AFD4B39}.Debug|Any CPU.Build.0 = Debug|Any CPU
		{5FD93637-886C-4577-AB77-BE222AFD4B39}.Release|Any CPU.ActiveCfg = Release|Any CPU
		{5FD93637-886C-4577-AB77-BE222AFD4B39}.Release|Any CPU.Build.0 = Release|Any CPU
		{6A2111CD-ED56-4594-93D9-524D1243EAAD}.Debug|Any CPU.ActiveCfg = Debug|Any CPU
		{6A2111CD-ED56-4594-93D9-524D1243EAAD}.Debug|Any CPU.Build.0 = Debug|Any CPU
		{6A2111CD-ED56-4594-93D9-524D1243EAAD}.Release|Any CPU.ActiveCfg = Release|Any CPU
		{6A2111CD-ED56-4594-93D9-524D1243EAAD}.Release|Any CPU.Build.0 = Release|Any CPU
		{4BDA7FEC-F03E-4E03-B824-277C18CB7C5F}.Debug|Any CPU.ActiveCfg = Debug|Any CPU
		{4BDA7FEC-F03E-4E03-B824-277C18CB7C5F}.Debug|Any CPU.Build.0 = Debug|Any CPU
		{4BDA7FEC-F03E-4E03-B824-277C18CB7C5F}.Release|Any CPU.ActiveCfg = Release|Any CPU
		{4BDA7FEC-F03E-4E03-B824-277C18CB7C5F}.Release|Any CPU.Build.0 = Release|Any CPU
		{DCE4C4C4-52AB-4C04-9238-FDEF79EA7B4F}.Debug|Any CPU.ActiveCfg = Debug|Any CPU
		{DCE4C4C4-52AB-4C04-9238-FDEF79EA7B4F}.Debug|Any CPU.Build.0 = Debug|Any CPU
		{DCE4C4C4-52AB-4C04-9238-FDEF79EA7B4F}.Release|Any CPU.ActiveCfg = Release|Any CPU
		{DCE4C4C4-52AB-4C04-9238-FDEF79EA7B4F}.Release|Any CPU.Build.0 = Release|Any CPU
		{94FC9F49-EA31-4B56-987D-30535A1564CC}.Debug|Any CPU.ActiveCfg = Debug|Any CPU
		{94FC9F49-EA31-4B56-987D-30535A1564CC}.Debug|Any CPU.Build.0 = Debug|Any CPU
		{94FC9F49-EA31-4B56-987D-30535A1564CC}.Release|Any CPU.ActiveCfg = Release|Any CPU
		{94FC9F49-EA31-4B56-987D-30535A1564CC}.Release|Any CPU.Build.0 = Release|Any CPU
		{CE7EFF38-2EF8-4B2F-9CB4-EF5DE5445BE8}.Debug|Any CPU.ActiveCfg = Debug|Any CPU
		{CE7EFF38-2EF8-4B2F-9CB4-EF5DE5445BE8}.Debug|Any CPU.Build.0 = Debug|Any CPU
		{CE7EFF38-2EF8-4B2F-9CB4-EF5DE5445BE8}.Release|Any CPU.ActiveCfg = Release|Any CPU
		{CE7EFF38-2EF8-4B2F-9CB4-EF5DE5445BE8}.Release|Any CPU.Build.0 = Release|Any CPU
		{6CD099E2-376E-4779-91F4-F78517EB002A}.Debug|Any CPU.ActiveCfg = Debug|Any CPU
		{6CD099E2-376E-4779-91F4-F78517EB002A}.Debug|Any CPU.Build.0 = Debug|Any CPU
		{6CD099E2-376E-4779-91F4-F78517EB002A}.Release|Any CPU.ActiveCfg = Release|Any CPU
		{6CD099E2-376E-4779-91F4-F78517EB002A}.Release|Any CPU.Build.0 = Release|Any CPU
		{5E5CC2A4-E120-4EDC-95AF-6514D6DB733E}.Debug|Any CPU.ActiveCfg = Debug|Any CPU
		{5E5CC2A4-E120-4EDC-95AF-6514D6DB733E}.Debug|Any CPU.Build.0 = Debug|Any CPU
		{5E5CC2A4-E120-4EDC-95AF-6514D6DB733E}.Release|Any CPU.ActiveCfg = Release|Any CPU
		{5E5CC2A4-E120-4EDC-95AF-6514D6DB733E}.Release|Any CPU.Build.0 = Release|Any CPU
		{FCD87795-FC25-4D6E-8BC0-5EDFD7D46C32}.Debug|Any CPU.ActiveCfg = Debug|Any CPU
		{FCD87795-FC25-4D6E-8BC0-5EDFD7D46C32}.Debug|Any CPU.Build.0 = Debug|Any CPU
		{FCD87795-FC25-4D6E-8BC0-5EDFD7D46C32}.Release|Any CPU.ActiveCfg = Release|Any CPU
		{FCD87795-FC25-4D6E-8BC0-5EDFD7D46C32}.Release|Any CPU.Build.0 = Release|Any CPU
		{1CD206AD-55B8-4991-AA5E-4693E2B18A0F}.Debug|Any CPU.ActiveCfg = Debug|Any CPU
		{1CD206AD-55B8-4991-AA5E-4693E2B18A0F}.Debug|Any CPU.Build.0 = Debug|Any CPU
		{1CD206AD-55B8-4991-AA5E-4693E2B18A0F}.Release|Any CPU.ActiveCfg = Release|Any CPU
		{1CD206AD-55B8-4991-AA5E-4693E2B18A0F}.Release|Any CPU.Build.0 = Release|Any CPU
		{63EB26A0-6ED7-492A-BA3A-862B50981BA3}.Debug|Any CPU.ActiveCfg = Debug|Any CPU
		{63EB26A0-6ED7-492A-BA3A-862B50981BA3}.Debug|Any CPU.Build.0 = Debug|Any CPU
		{63EB26A0-6ED7-492A-BA3A-862B50981BA3}.Release|Any CPU.ActiveCfg = Release|Any CPU
		{63EB26A0-6ED7-492A-BA3A-862B50981BA3}.Release|Any CPU.Build.0 = Release|Any CPU
		{A8F34193-05CD-4D8A-8E47-594D1B0CCB3B}.Debug|Any CPU.ActiveCfg = Debug|Any CPU
		{A8F34193-05CD-4D8A-8E47-594D1B0CCB3B}.Debug|Any CPU.Build.0 = Debug|Any CPU
		{A8F34193-05CD-4D8A-8E47-594D1B0CCB3B}.Release|Any CPU.ActiveCfg = Release|Any CPU
		{A8F34193-05CD-4D8A-8E47-594D1B0CCB3B}.Release|Any CPU.Build.0 = Release|Any CPU
		{7778673E-730F-4ACB-80E0-871C9241881F}.Debug|Any CPU.ActiveCfg = Debug|Any CPU
		{7778673E-730F-4ACB-80E0-871C9241881F}.Debug|Any CPU.Build.0 = Debug|Any CPU
		{7778673E-730F-4ACB-80E0-871C9241881F}.Release|Any CPU.ActiveCfg = Release|Any CPU
		{7778673E-730F-4ACB-80E0-871C9241881F}.Release|Any CPU.Build.0 = Release|Any CPU
		{CCA25F8B-9102-4660-9BF0-B04A9F93242D}.Debug|Any CPU.ActiveCfg = Debug|Any CPU
		{CCA25F8B-9102-4660-9BF0-B04A9F93242D}.Debug|Any CPU.Build.0 = Debug|Any CPU
		{CCA25F8B-9102-4660-9BF0-B04A9F93242D}.Release|Any CPU.ActiveCfg = Release|Any CPU
		{CCA25F8B-9102-4660-9BF0-B04A9F93242D}.Release|Any CPU.Build.0 = Release|Any CPU
	EndGlobalSection
	GlobalSection(SolutionProperties) = preSolution
		HideSolutionNode = FALSE
	EndGlobalSection
	GlobalSection(NestedProjects) = preSolution
		{999AFC81-A256-47E9-B958-DFD134B8B4A0} = {09526D53-DB44-48DD-842B-FAB953D6EEAF}
		{14933040-D4C8-486E-8973-E2E539C044F1} = {09526D53-DB44-48DD-842B-FAB953D6EEAF}
		{B7EF3962-6554-40C8-8BB9-EC8E1982A452} = {09526D53-DB44-48DD-842B-FAB953D6EEAF}
		{ABE8BBC3-207A-4FE2-A2FB-CD94E32F1E44} = {7F296A4E-7FA8-487E-983A-DF0F415938F9}
		{17B5F4CC-DDDF-4675-88CB-7CEFD73A6838} = {7F296A4E-7FA8-487E-983A-DF0F415938F9}
		{88235968-E225-4255-B168-E6A6B1EF60FE} = {7F296A4E-7FA8-487E-983A-DF0F415938F9}
		{A6CFDCFA-36D5-49FB-929C-E2588A4FFBA6} = {7F296A4E-7FA8-487E-983A-DF0F415938F9}
		{64C56529-8EBA-4EBC-910B-606414052FCF} = {7F296A4E-7FA8-487E-983A-DF0F415938F9}
		{B6B0C296-06DD-4B86-878C-A06D0B4F354C} = {0F804F26-ED36-40B5-BBB2-932CD7DBCAA5}
		{C86CE74E-C093-4B55-895C-D5710429F0A3} = {C05EADCD-F779-482D-9BA9-739C7E0EF06B}
		{5FD93637-886C-4577-AB77-BE222AFD4B39} = {C05EADCD-F779-482D-9BA9-739C7E0EF06B}
		{6A2111CD-ED56-4594-93D9-524D1243EAAD} = {09526D53-DB44-48DD-842B-FAB953D6EEAF}
		{4BDA7FEC-F03E-4E03-B824-277C18CB7C5F} = {1620C22D-0752-4C62-901A-39742A9C90C4}
		{DCE4C4C4-52AB-4C04-9238-FDEF79EA7B4F} = {1620C22D-0752-4C62-901A-39742A9C90C4}
		{94FC9F49-EA31-4B56-987D-30535A1564CC} = {7F296A4E-7FA8-487E-983A-DF0F415938F9}
		{CE7EFF38-2EF8-4B2F-9CB4-EF5DE5445BE8} = {7F296A4E-7FA8-487E-983A-DF0F415938F9}
		{6CD099E2-376E-4779-91F4-F78517EB002A} = {7F296A4E-7FA8-487E-983A-DF0F415938F9}
		{5E5CC2A4-E120-4EDC-95AF-6514D6DB733E} = {801DF6C0-C360-416B-953A-76CC986281D9}
		{FCD87795-FC25-4D6E-8BC0-5EDFD7D46C32} = {801DF6C0-C360-416B-953A-76CC986281D9}
		{1CD206AD-55B8-4991-AA5E-4693E2B18A0F} = {801DF6C0-C360-416B-953A-76CC986281D9}
		{63EB26A0-6ED7-492A-BA3A-862B50981BA3} = {9D835C95-44B8-4721-B3BF-EA4E64A8EEDB}
		{A8F34193-05CD-4D8A-8E47-594D1B0CCB3B} = {9D835C95-44B8-4721-B3BF-EA4E64A8EEDB}
		{7778673E-730F-4ACB-80E0-871C9241881F} = {2943B2E7-1745-46B7-8FDD-6E176888C941}
		{CCA25F8B-9102-4660-9BF0-B04A9F93242D} = {2943B2E7-1745-46B7-8FDD-6E176888C941}
	EndGlobalSection
	GlobalSection(ExtensibilityGlobals) = postSolution
		SolutionGuid = {E0BBEDF8-06C8-4AFA-AC83-A3D47A717F00}
	EndGlobalSection
EndGlobal
